
Microsoft Visual Studio Solution File, Format Version 12.00
# Visual Studio 15
VisualStudioVersion = 15.0.28010.2046
MinimumVisualStudioVersion = 10.0.40219.1
Project("{E24C65DC-7377-472B-9ABA-BC803B73C61A}") = "alumniportal", "alumniportal\", "{716BDF95-174A-4D0C-BEDE-22EDD79D21DE}"
	ProjectSection(WebsiteProperties) = preProject
		TargetFrameworkMoniker = ".NETFramework,Version%3Dv4.6.1"
		Debug.AspNetCompiler.VirtualPath = "/localhost_59226"
		Debug.AspNetCompiler.PhysicalPath = "alumniportal\"
		Debug.AspNetCompiler.TargetPath = "PrecompiledWeb\localhost_59226\"
		Debug.AspNetCompiler.Updateable = "true"
		Debug.AspNetCompiler.ForceOverwrite = "true"
		Debug.AspNetCompiler.FixedNames = "false"
		Debug.AspNetCompiler.Debug = "True"
		Release.AspNetCompiler.VirtualPath = "/localhost_59226"
		Release.AspNetCompiler.PhysicalPath = "alumniportal\"
		Release.AspNetCompiler.TargetPath = "PrecompiledWeb\localhost_59226\"
		Release.AspNetCompiler.Updateable = "true"
		Release.AspNetCompiler.ForceOverwrite = "true"
		Release.AspNetCompiler.FixedNames = "false"
		Release.AspNetCompiler.Debug = "False"
		VWDPort = "59226"
		SlnRelativePath = "alumniportal\"
		DefaultWebSiteLanguage = "Visual C#"
	EndProjectSection
EndProject
Global
	GlobalSection(SolutionConfigurationPlatforms) = preSolution
		Debug|Any CPU = Debug|Any CPU
	EndGlobalSection
	GlobalSection(ProjectConfigurationPlatforms) = postSolution
		{716BDF95-174A-4D0C-BEDE-22EDD79D21DE}.Debug|Any CPU.ActiveCfg = Debug|Any CPU
		{716BDF95-174A-4D0C-BEDE-22EDD79D21DE}.Debug|Any CPU.Build.0 = Debug|Any CPU
	EndGlobalSection
	GlobalSection(SolutionProperties) = preSolution
		HideSolutionNode = FALSE
	EndGlobalSection
	GlobalSection(ExtensibilityGlobals) = postSolution
		SolutionGuid = {0B7E1846-8ECB-448A-93C3-5C6EF90660AC}
	EndGlobalSection
EndGlobal
